
Microsoft Visual Studio Solution File, Format Version 12.00
# Visual Studio Version 17
VisualStudioVersion = 17.0.31903.59
MinimumVisualStudioVersion = 10.0.40219.1
Project("{2150E333-8FDC-42A3-9474-1A3956D46DE8}") = "src", "src", "{827E0CD3-B72D-47B6-A68D-7590B98EB39B}"
EndProject
Project("{FAE04EC0-301F-11D3-BF4B-00C04F79EFBC}") = "Smdb.Core", "src\Smdb.Core\Smdb.Core.csproj", "{58A2A554-A50C-4C7E-88CC-B24C70354D5F}"
EndProject
Project("{2150E333-8FDC-42A3-9474-1A3956D46DE8}") = "tests", "tests", "{0AB3BF05-4346-4AA6-1389-037BE0695223}"
EndProject
Project("{FAE04EC0-301F-11D3-BF4B-00C04F79EFBC}") = "Smdb.Core.Test", "tests\Smdb.Core.Test\Smdb.Core.Test.csproj", "{59DF4AAC-4C6F-4462-AEC9-00DD53777511}"
EndProject
Project("{2150E333-8FDC-42A3-9474-1A3956D46DE8}") = "SharedLibrary", "SharedLibrary", "{77FE7006-98A7-145D-1E67-4BFC95AACF3A}"
EndProject
Project("{2150E333-8FDC-42A3-9474-1A3956D46DE8}") = "src", "src", "{6F79CB0C-9907-BB38-FC3C-B7488DF5AA46}"
EndProject
Project("{FAE04EC0-301F-11D3-BF4B-00C04F79EFBC}") = "Shared", "SharedLibrary\src\Shared\Shared.csproj", "{F6C0C699-8EBF-4263-9FFD-6B937C0F21CF}"
EndProject
Project("{FAE04EC0-301F-11D3-BF4B-00C04F79EFBC}") = "Smdb.Api", "src\Smdb.Api\Smdb.Api.csproj", "{EDF63A59-5445-423D-B6CB-A4D7A7952D7D}"
EndProject
Project("{FAE04EC0-301F-11D3-BF4B-00C04F79EFBC}") = "Smdb.Api.Test", "tests\Smdb.Api.Test\Smdb.Api.Test.csproj", "{AC9DEECA-0A91-4267-AF3B-C73411FA905B}"
EndProject
Global
	GlobalSection(SolutionConfigurationPlatforms) = preSolution
		Debug|Any CPU = Debug|Any CPU
		Debug|x64 = Debug|x64
		Debug|x86 = Debug|x86
		Release|Any CPU = Release|Any CPU
		Release|x64 = Release|x64
		Release|x86 = Release|x86
	EndGlobalSection
	GlobalSection(ProjectConfigurationPlatforms) = postSolution
		{58A2A554-A50C-4C7E-88CC-B24C70354D5F}.Debug|Any CPU.ActiveCfg = Debug|Any CPU
		{58A2A554-A50C-4C7E-88CC-B24C70354D5F}.Debug|Any CPU.Build.0 = Debug|Any CPU
		{58A2A554-A50C-4C7E-88CC-B24C70354D5F}.Debug|x64.ActiveCfg = Debug|Any CPU
		{58A2A554-A50C-4C7E-88CC-B24C70354D5F}.Debug|x64.Build.0 = Debug|Any CPU
		{58A2A554-A50C-4C7E-88CC-B24C70354D5F}.Debug|x86.ActiveCfg = Debug|Any CPU
		{58A2A554-A50C-4C7E-88CC-B24C70354D5F}.Debug|x86.Build.0 = Debug|Any CPU
		{58A2A554-A50C-4C7E-88CC-B24C70354D5F}.Release|Any CPU.ActiveCfg = Release|Any CPU
		{58A2A554-A50C-4C7E-88CC-B24C70354D5F}.Release|Any CPU.Build.0 = Release|Any CPU
		{58A2A554-A50C-4C7E-88CC-B24C70354D5F}.Release|x64.ActiveCfg = Release|Any CPU
		{58A2A554-A50C-4C7E-88CC-B24C70354D5F}.Release|x64.Build.0 = Release|Any CPU
		{58A2A554-A50C-4C7E-88CC-B24C70354D5F}.Release|x86.ActiveCfg = Release|Any CPU
		{58A2A554-A50C-4C7E-88CC-B24C70354D5F}.Release|x86.Build.0 = Release|Any CPU
		{59DF4AAC-4C6F-4462-AEC9-00DD53777511}.Debug|Any CPU.ActiveCfg = Debug|Any CPU
		{59DF4AAC-4C6F-4462-AEC9-00DD53777511}.Debug|Any CPU.Build.0 = Debug|Any CPU
		{59DF4AAC-4C6F-4462-AEC9-00DD53777511}.Debug|x64.ActiveCfg = Debug|Any CPU
		{59DF4AAC-4C6F-4462-AEC9-00DD53777511}.Debug|x64.Build.0 = Debug|Any CPU
		{59DF4AAC-4C6F-4462-AEC9-00DD53777511}.Debug|x86.ActiveCfg = Debug|Any CPU
		{59DF4AAC-4C6F-4462-AEC9-00DD53777511}.Debug|x86.Build.0 = Debug|Any CPU
		{59DF4AAC-4C6F-4462-AEC9-00DD53777511}.Release|Any CPU.ActiveCfg = Release|Any CPU
		{59DF4AAC-4C6F-4462-AEC9-00DD53777511}.Release|Any CPU.Build.0 = Release|Any CPU
		{59DF4AAC-4C6F-4462-AEC9-00DD53777511}.Release|x64.ActiveCfg = Release|Any CPU
		{59DF4AAC-4C6F-4462-AEC9-00DD53777511}.Release|x64.Build.0 = Release|Any CPU
		{59DF4AAC-4C6F-4462-AEC9-00DD53777511}.Release|x86.ActiveCfg = Release|Any CPU
		{59DF4AAC-4C6F-4462-AEC9-00DD53777511}.Release|x86.Build.0 = Release|Any CPU
		{F6C0C699-8EBF-4263-9FFD-6B937C0F21CF}.Debug|Any CPU.ActiveCfg = Debug|Any CPU
		{F6C0C699-8EBF-4263-9FFD-6B937C0F21CF}.Debug|Any CPU.Build.0 = Debug|Any CPU
		{F6C0C699-8EBF-4263-9FFD-6B937C0F21CF}.Debug|x64.ActiveCfg = Debug|Any CPU
		{F6C0C699-8EBF-4263-9FFD-6B937C0F21CF}.Debug|x64.Build.0 = Debug|Any CPU
		{F6C0C699-8EBF-4263-9FFD-6B937C0F21CF}.Debug|x86.ActiveCfg = Debug|Any CPU
		{F6C0C699-8EBF-4263-9FFD-6B937C0F21CF}.Debug|x86.Build.0 = Debug|Any CPU
		{F6C0C699-8EBF-4263-9FFD-6B937C0F21CF}.Release|Any CPU.ActiveCfg = Release|Any CPU
		{F6C0C699-8EBF-4263-9FFD-6B937C0F21CF}.Release|Any CPU.Build.0 = Release|Any CPU
		{F6C0C699-8EBF-4263-9FFD-6B937C0F21CF}.Release|x64.ActiveCfg = Release|Any CPU
		{F6C0C699-8EBF-4263-9FFD-6B937C0F21CF}.Release|x64.Build.0 = Release|Any CPU
		{F6C0C699-8EBF-4263-9FFD-6B937C0F21CF}.Release|x86.ActiveCfg = Release|Any CPU
		{F6C0C699-8EBF-4263-9FFD-6B937C0F21CF}.Release|x86.Build.0 = Release|Any CPU
		{EDF63A59-5445-423D-B6CB-A4D7A7952D7D}.Debug|Any CPU.ActiveCfg = Debug|Any CPU
		{EDF63A59-5445-423D-B6CB-A4D7A7952D7D}.Debug|Any CPU.Build.0 = Debug|Any CPU
		{EDF63A59-5445-423D-B6CB-A4D7A7952D7D}.Debug|x64.ActiveCfg = Debug|Any CPU
		{EDF63A59-5445-423D-B6CB-A4D7A7952D7D}.Debug|x64.Build.0 = Debug|Any CPU
		{EDF63A59-5445-423D-B6CB-A4D7A7952D7D}.Debug|x86.ActiveCfg = Debug|Any CPU
		{EDF63A59-5445-423D-B6CB-A4D7A7952D7D}.Debug|x86.Build.0 = Debug|Any CPU
		{EDF63A59-5445-423D-B6CB-A4D7A7952D7D}.Release|Any CPU.ActiveCfg = Release|Any CPU
		{EDF63A59-5445-423D-B6CB-A4D7A7952D7D}.Release|Any CPU.Build.0 = Release|Any CPU
		{EDF63A59-5445-423D-B6CB-A4D7A7952D7D}.Release|x64.ActiveCfg = Release|Any CPU
		{EDF63A59-5445-423D-B6CB-A4D7A7952D7D}.Release|x64.Build.0 = Release|Any CPU
		{EDF63A59-5445-423D-B6CB-A4D7A7952D7D}.Release|x86.ActiveCfg = Release|Any CPU
		{EDF63A59-5445-423D-B6CB-A4D7A7952D7D}.Release|x86.Build.0 = Release|Any CPU
		{AC9DEECA-0A91-4267-AF3B-C73411FA905B}.Debug|Any CPU.ActiveCfg = Debug|Any CPU
		{AC9DEECA-0A91-4267-AF3B-C73411FA905B}.Debug|Any CPU.Build.0 = Debug|Any CPU
		{AC9DEECA-0A91-4267-AF3B-C73411FA905B}.Debug|x64.ActiveCfg = Debug|Any CPU
		{AC9DEECA-0A91-4267-AF3B-C73411FA905B}.Debug|x64.Build.0 = Debug|Any CPU
		{AC9DEECA-0A91-4267-AF3B-C73411FA905B}.Debug|x86.ActiveCfg = Debug|Any CPU
		{AC9DEECA-0A91-4267-AF3B-C73411FA905B}.Debug|x86.Build.0 = Debug|Any CPU
		{AC9DEECA-0A91-4267-AF3B-C73411FA905B}.Release|Any CPU.ActiveCfg = Release|Any CPU
		{AC9DEECA-0A91-4267-AF3B-C73411FA905B}.Release|Any CPU.Build.0 = Release|Any CPU
		{AC9DEECA-0A91-4267-AF3B-C73411FA905B}.Release|x64.ActiveCfg = Release|Any CPU
		{AC9DEECA-0A91-4267-AF3B-C73411FA905B}.Release|x64.Build.0 = Release|Any CPU
		{AC9DEECA-0A91-4267-AF3B-C73411FA905B}.Release|x86.ActiveCfg = Release|Any CPU
		{AC9DEECA-0A91-4267-AF3B-C73411FA905B}.Release|x86.Build.0 = Release|Any CPU
	EndGlobalSection
	GlobalSection(SolutionProperties) = preSolution
		HideSolutionNode = FALSE
	EndGlobalSection
	GlobalSection(NestedProjects) = preSolution
		{58A2A554-A50C-4C7E-88CC-B24C70354D5F} = {827E0CD3-B72D-47B6-A68D-7590B98EB39B}
		{59DF4AAC-4C6F-4462-AEC9-00DD53777511} = {0AB3BF05-4346-4AA6-1389-037BE0695223}
		{6F79CB0C-9907-BB38-FC3C-B7488DF5AA46} = {77FE7006-98A7-145D-1E67-4BFC95AACF3A}
		{F6C0C699-8EBF-4263-9FFD-6B937C0F21CF} = {6F79CB0C-9907-BB38-FC3C-B7488DF5AA46}
		{EDF63A59-5445-423D-B6CB-A4D7A7952D7D} = {827E0CD3-B72D-47B6-A68D-7590B98EB39B}
		{AC9DEECA-0A91-4267-AF3B-C73411FA905B} = {0AB3BF05-4346-4AA6-1389-037BE0695223}
	EndGlobalSection
EndGlobal
